
Microsoft Visual Studio Solution File, Format Version 12.00
# Visual Studio Version 17
VisualStudioVersion = 17.1.32407.343
MinimumVisualStudioVersion = 10.0.40219.1
Project("{FAE04EC0-301F-11D3-BF4B-00C04F79EFBC}") = "JokesWebApp", "JokesWebApp.csproj", "{55CCC43A-A02E-49B1-9B91-116EDA53DE1B}"
EndProject
Global
	GlobalSection(SolutionConfigurationPlatforms) = preSolution
		Debug|Any CPU = Debug|Any CPU
		Release|Any CPU = Release|Any CPU
	EndGlobalSection
	GlobalSection(ProjectConfigurationPlatforms) = postSolution
		{55CCC43A-A02E-49B1-9B91-116EDA53DE1B}.Debug|Any CPU.ActiveCfg = Debug|Any CPU
		{55CCC43A-A02E-49B1-9B91-116EDA53DE1B}.Debug|Any CPU.Build.0 = Debug|Any CPU
		{55CCC43A-A02E-49B1-9B91-116EDA53DE1B}.Release|Any CPU.ActiveCfg = Release|Any CPU
		{55CCC43A-A02E-49B1-9B91-116EDA53DE1B}.Release|Any CPU.Build.0 = Release|Any CPU
	EndGlobalSection
	GlobalSection(SolutionProperties) = preSolution
		HideSolutionNode = FALSE
	EndGlobalSection
	GlobalSection(ExtensibilityGlobals) = postSolution
		SolutionGuid = {FC880374-56A0-4D42-A178-79C399BF8099}
	EndGlobalSection
EndGlobal
